
Microsoft Visual Studio Solution File, Format Version 12.00
# Visual Studio Version 16
VisualStudioVersion = 16.0.30907.101
MinimumVisualStudioVersion = 10.0.40219.1
Project("{FAE04EC0-301F-11D3-BF4B-00C04F79EFBC}") = "DTOEgEployee", "DTOEgEployee\DTOEgEployee.csproj", "{FC84F07D-7CAE-4910-9783-D7FE3FCC0312}"
EndProject
Global
	GlobalSection(SolutionConfigurationPlatforms) = preSolution
		Debug|Any CPU = Debug|Any CPU
		Release|Any CPU = Release|Any CPU
	EndGlobalSection
	GlobalSection(ProjectConfigurationPlatforms) = postSolution
		{FC84F07D-7CAE-4910-9783-D7FE3FCC0312}.Debug|Any CPU.ActiveCfg = Debug|Any CPU
		{FC84F07D-7CAE-4910-9783-D7FE3FCC0312}.Debug|Any CPU.Build.0 = Debug|Any CPU
		{FC84F07D-7CAE-4910-9783-D7FE3FCC0312}.Release|Any CPU.ActiveCfg = Release|Any CPU
		{FC84F07D-7CAE-4910-9783-D7FE3FCC0312}.Release|Any CPU.Build.0 = Release|Any CPU
	EndGlobalSection
	GlobalSection(SolutionProperties) = preSolution
		HideSolutionNode = FALSE
	EndGlobalSection
	GlobalSection(ExtensibilityGlobals) = postSolution
		SolutionGuid = {E63D134D-F556-4D25-B676-155E92A8ABBF}
	EndGlobalSection
EndGlobal
