
Microsoft Visual Studio Solution File, Format Version 12.00
# Visual Studio Version 16
VisualStudioVersion = 16.0.30907.101
MinimumVisualStudioVersion = 10.0.40219.1
Project("{FAE04EC0-301F-11D3-BF4B-00C04F79EFBC}") = "GetEmployeeListFromDatabase", "GetEmployeeListFromDatabase\GetEmployeeListFromDatabase.csproj", "{4807E730-EB57-4D53-B47B-9999229AD02E}"
EndProject
Global
	GlobalSection(SolutionConfigurationPlatforms) = preSolution
		Debug|Any CPU = Debug|Any CPU
		Release|Any CPU = Release|Any CPU
	EndGlobalSection
	GlobalSection(ProjectConfigurationPlatforms) = postSolution
		{4807E730-EB57-4D53-B47B-9999229AD02E}.Debug|Any CPU.ActiveCfg = Debug|Any CPU
		{4807E730-EB57-4D53-B47B-9999229AD02E}.Debug|Any CPU.Build.0 = Debug|Any CPU
		{4807E730-EB57-4D53-B47B-9999229AD02E}.Release|Any CPU.ActiveCfg = Release|Any CPU
		{4807E730-EB57-4D53-B47B-9999229AD02E}.Release|Any CPU.Build.0 = Release|Any CPU
	EndGlobalSection
	GlobalSection(SolutionProperties) = preSolution
		HideSolutionNode = FALSE
	EndGlobalSection
	GlobalSection(ExtensibilityGlobals) = postSolution
		SolutionGuid = {FC7F4DE1-4264-4E8A-B5BF-17E241A83480}
	EndGlobalSection
EndGlobal
