
Microsoft Visual Studio Solution File, Format Version 12.00
# Visual Studio Version 16
VisualStudioVersion = 16.0.30907.101
MinimumVisualStudioVersion = 10.0.40219.1
Project("{FAE04EC0-301F-11D3-BF4B-00C04F79EFBC}") = "TicTacToeUsingObject", "TicTacToeUsingObject\TicTacToeUsingObject.csproj", "{6C1695BD-06A2-4121-9EEE-ADE05C861638}"
EndProject
Global
	GlobalSection(SolutionConfigurationPlatforms) = preSolution
		Debug|Any CPU = Debug|Any CPU
		Release|Any CPU = Release|Any CPU
	EndGlobalSection
	GlobalSection(ProjectConfigurationPlatforms) = postSolution
		{6C1695BD-06A2-4121-9EEE-ADE05C861638}.Debug|Any CPU.ActiveCfg = Debug|Any CPU
		{6C1695BD-06A2-4121-9EEE-ADE05C861638}.Debug|Any CPU.Build.0 = Debug|Any CPU
		{6C1695BD-06A2-4121-9EEE-ADE05C861638}.Release|Any CPU.ActiveCfg = Release|Any CPU
		{6C1695BD-06A2-4121-9EEE-ADE05C861638}.Release|Any CPU.Build.0 = Release|Any CPU
	EndGlobalSection
	GlobalSection(SolutionProperties) = preSolution
		HideSolutionNode = FALSE
	EndGlobalSection
	GlobalSection(ExtensibilityGlobals) = postSolution
		SolutionGuid = {35B32656-3BDC-4B92-B709-2CEF180E29C1}
	EndGlobalSection
EndGlobal
