
Microsoft Visual Studio Solution File, Format Version 12.00
# Visual Studio Version 16
VisualStudioVersion = 16.0.30907.101
MinimumVisualStudioVersion = 10.0.40219.1
Project("{FAE04EC0-301F-11D3-BF4B-00C04F79EFBC}") = "EmployeeListUsingMVC", "EmployeeListUsingMVC\EmployeeListUsingMVC.csproj", "{DA53D77E-3C82-4F10-952C-28020BCD3CD7}"
EndProject
Global
	GlobalSection(SolutionConfigurationPlatforms) = preSolution
		Debug|Any CPU = Debug|Any CPU
		Release|Any CPU = Release|Any CPU
	EndGlobalSection
	GlobalSection(ProjectConfigurationPlatforms) = postSolution
		{DA53D77E-3C82-4F10-952C-28020BCD3CD7}.Debug|Any CPU.ActiveCfg = Debug|Any CPU
		{DA53D77E-3C82-4F10-952C-28020BCD3CD7}.Debug|Any CPU.Build.0 = Debug|Any CPU
		{DA53D77E-3C82-4F10-952C-28020BCD3CD7}.Release|Any CPU.ActiveCfg = Release|Any CPU
		{DA53D77E-3C82-4F10-952C-28020BCD3CD7}.Release|Any CPU.Build.0 = Release|Any CPU
	EndGlobalSection
	GlobalSection(SolutionProperties) = preSolution
		HideSolutionNode = FALSE
	EndGlobalSection
	GlobalSection(ExtensibilityGlobals) = postSolution
		SolutionGuid = {3982DB89-ACC6-4E84-B327-BA0744F99E8B}
	EndGlobalSection
EndGlobal
