
Microsoft Visual Studio Solution File, Format Version 12.00
# Visual Studio Version 16
VisualStudioVersion = 16.0.30907.101
MinimumVisualStudioVersion = 10.0.40219.1
Project("{FAE04EC0-301F-11D3-BF4B-00C04F79EFBC}") = "WelcoeToMVC", "WelcoeToMVC\WelcoeToMVC.csproj", "{5A900C27-1B64-470E-BC91-5E8CEC90272D}"
EndProject
Global
	GlobalSection(SolutionConfigurationPlatforms) = preSolution
		Debug|Any CPU = Debug|Any CPU
		Release|Any CPU = Release|Any CPU
	EndGlobalSection
	GlobalSection(ProjectConfigurationPlatforms) = postSolution
		{5A900C27-1B64-470E-BC91-5E8CEC90272D}.Debug|Any CPU.ActiveCfg = Debug|Any CPU
		{5A900C27-1B64-470E-BC91-5E8CEC90272D}.Debug|Any CPU.Build.0 = Debug|Any CPU
		{5A900C27-1B64-470E-BC91-5E8CEC90272D}.Release|Any CPU.ActiveCfg = Release|Any CPU
		{5A900C27-1B64-470E-BC91-5E8CEC90272D}.Release|Any CPU.Build.0 = Release|Any CPU
	EndGlobalSection
	GlobalSection(SolutionProperties) = preSolution
		HideSolutionNode = FALSE
	EndGlobalSection
	GlobalSection(ExtensibilityGlobals) = postSolution
		SolutionGuid = {7262013C-1363-40BE-8DF1-4F3B43425C65}
	EndGlobalSection
EndGlobal
