
Microsoft Visual Studio Solution File, Format Version 12.00
# Visual Studio Version 16
VisualStudioVersion = 16.0.30907.101
MinimumVisualStudioVersion = 10.0.40219.1
Project("{FAE04EC0-301F-11D3-BF4B-00C04F79EFBC}") = "AnonymousAndLamdaFunction", "AnonymousAndLamdaFunction\AnonymousAndLamdaFunction.csproj", "{9FCB2F47-370E-40E7-88AA-FA6469BF74C0}"
EndProject
Global
	GlobalSection(SolutionConfigurationPlatforms) = preSolution
		Debug|Any CPU = Debug|Any CPU
		Release|Any CPU = Release|Any CPU
	EndGlobalSection
	GlobalSection(ProjectConfigurationPlatforms) = postSolution
		{9FCB2F47-370E-40E7-88AA-FA6469BF74C0}.Debug|Any CPU.ActiveCfg = Debug|Any CPU
		{9FCB2F47-370E-40E7-88AA-FA6469BF74C0}.Debug|Any CPU.Build.0 = Debug|Any CPU
		{9FCB2F47-370E-40E7-88AA-FA6469BF74C0}.Release|Any CPU.ActiveCfg = Release|Any CPU
		{9FCB2F47-370E-40E7-88AA-FA6469BF74C0}.Release|Any CPU.Build.0 = Release|Any CPU
	EndGlobalSection
	GlobalSection(SolutionProperties) = preSolution
		HideSolutionNode = FALSE
	EndGlobalSection
	GlobalSection(ExtensibilityGlobals) = postSolution
		SolutionGuid = {5ADA4423-2564-4D85-9348-594C557D165C}
	EndGlobalSection
EndGlobal
