
Microsoft Visual Studio Solution File, Format Version 12.00
# Visual Studio Version 16
VisualStudioVersion = 16.0.30907.101
MinimumVisualStudioVersion = 10.0.40219.1
Project("{FAE04EC0-301F-11D3-BF4B-00C04F79EFBC}") = "delegateCase1", "delegateCase1\delegateCase1.csproj", "{D09BB60E-AC9F-410F-95C4-FF466679E452}"
EndProject
Global
	GlobalSection(SolutionConfigurationPlatforms) = preSolution
		Debug|Any CPU = Debug|Any CPU
		Release|Any CPU = Release|Any CPU
	EndGlobalSection
	GlobalSection(ProjectConfigurationPlatforms) = postSolution
		{D09BB60E-AC9F-410F-95C4-FF466679E452}.Debug|Any CPU.ActiveCfg = Debug|Any CPU
		{D09BB60E-AC9F-410F-95C4-FF466679E452}.Debug|Any CPU.Build.0 = Debug|Any CPU
		{D09BB60E-AC9F-410F-95C4-FF466679E452}.Release|Any CPU.ActiveCfg = Release|Any CPU
		{D09BB60E-AC9F-410F-95C4-FF466679E452}.Release|Any CPU.Build.0 = Release|Any CPU
	EndGlobalSection
	GlobalSection(SolutionProperties) = preSolution
		HideSolutionNode = FALSE
	EndGlobalSection
	GlobalSection(ExtensibilityGlobals) = postSolution
		SolutionGuid = {48B2DE60-99B7-4C6E-A910-46AA4A6DC512}
	EndGlobalSection
EndGlobal
