
Microsoft Visual Studio Solution File, Format Version 12.00
# Visual Studio Version 16
VisualStudioVersion = 16.0.30907.101
MinimumVisualStudioVersion = 10.0.40219.1
Project("{FAE04EC0-301F-11D3-BF4B-00C04F79EFBC}") = "SingletonEg2", "SingletonEg2\SingletonEg2.csproj", "{C31B844B-DF41-4A96-9F95-F0949A7C627A}"
EndProject
Global
	GlobalSection(SolutionConfigurationPlatforms) = preSolution
		Debug|Any CPU = Debug|Any CPU
		Release|Any CPU = Release|Any CPU
	EndGlobalSection
	GlobalSection(ProjectConfigurationPlatforms) = postSolution
		{C31B844B-DF41-4A96-9F95-F0949A7C627A}.Debug|Any CPU.ActiveCfg = Debug|Any CPU
		{C31B844B-DF41-4A96-9F95-F0949A7C627A}.Debug|Any CPU.Build.0 = Debug|Any CPU
		{C31B844B-DF41-4A96-9F95-F0949A7C627A}.Release|Any CPU.ActiveCfg = Release|Any CPU
		{C31B844B-DF41-4A96-9F95-F0949A7C627A}.Release|Any CPU.Build.0 = Release|Any CPU
	EndGlobalSection
	GlobalSection(SolutionProperties) = preSolution
		HideSolutionNode = FALSE
	EndGlobalSection
	GlobalSection(ExtensibilityGlobals) = postSolution
		SolutionGuid = {14976DAB-8652-49F7-B0CF-029AA7222806}
	EndGlobalSection
EndGlobal
