
Microsoft Visual Studio Solution File, Format Version 12.00
# Visual Studio Version 16
VisualStudioVersion = 16.0.30907.101
MinimumVisualStudioVersion = 10.0.40219.1
Project("{FAE04EC0-301F-11D3-BF4B-00C04F79EFBC}") = "MealUsingBuilderDesignPattern", "MealUsingBuilderDesignPattern\MealUsingBuilderDesignPattern.csproj", "{6CAD05F5-1D97-485B-893F-19641734555A}"
EndProject
Global
	GlobalSection(SolutionConfigurationPlatforms) = preSolution
		Debug|Any CPU = Debug|Any CPU
		Release|Any CPU = Release|Any CPU
	EndGlobalSection
	GlobalSection(ProjectConfigurationPlatforms) = postSolution
		{6CAD05F5-1D97-485B-893F-19641734555A}.Debug|Any CPU.ActiveCfg = Debug|Any CPU
		{6CAD05F5-1D97-485B-893F-19641734555A}.Debug|Any CPU.Build.0 = Debug|Any CPU
		{6CAD05F5-1D97-485B-893F-19641734555A}.Release|Any CPU.ActiveCfg = Release|Any CPU
		{6CAD05F5-1D97-485B-893F-19641734555A}.Release|Any CPU.Build.0 = Release|Any CPU
	EndGlobalSection
	GlobalSection(SolutionProperties) = preSolution
		HideSolutionNode = FALSE
	EndGlobalSection
	GlobalSection(ExtensibilityGlobals) = postSolution
		SolutionGuid = {158BCD35-CAA8-4351-B515-D196B8E0A749}
	EndGlobalSection
EndGlobal
