
Microsoft Visual Studio Solution File, Format Version 12.00
# Visual Studio Version 16
VisualStudioVersion = 16.0.30907.101
MinimumVisualStudioVersion = 10.0.40219.1
Project("{FAE04EC0-301F-11D3-BF4B-00C04F79EFBC}") = "WelcomeMVCApp", "WelcomeMVCApp\WelcomeMVCApp.csproj", "{74045128-B0B7-433C-9BE5-5E7874030AD5}"
EndProject
Global
	GlobalSection(SolutionConfigurationPlatforms) = preSolution
		Debug|Any CPU = Debug|Any CPU
		Release|Any CPU = Release|Any CPU
	EndGlobalSection
	GlobalSection(ProjectConfigurationPlatforms) = postSolution
		{74045128-B0B7-433C-9BE5-5E7874030AD5}.Debug|Any CPU.ActiveCfg = Debug|Any CPU
		{74045128-B0B7-433C-9BE5-5E7874030AD5}.Debug|Any CPU.Build.0 = Debug|Any CPU
		{74045128-B0B7-433C-9BE5-5E7874030AD5}.Release|Any CPU.ActiveCfg = Release|Any CPU
		{74045128-B0B7-433C-9BE5-5E7874030AD5}.Release|Any CPU.Build.0 = Release|Any CPU
	EndGlobalSection
	GlobalSection(SolutionProperties) = preSolution
		HideSolutionNode = FALSE
	EndGlobalSection
	GlobalSection(ExtensibilityGlobals) = postSolution
		SolutionGuid = {A74B5068-CEF7-4F6A-A7A6-DABA4D94CD26}
	EndGlobalSection
EndGlobal
