
Microsoft Visual Studio Solution File, Format Version 12.00
# Visual Studio Version 16
VisualStudioVersion = 16.0.30907.101
MinimumVisualStudioVersion = 10.0.40219.1
Project("{FAE04EC0-301F-11D3-BF4B-00C04F79EFBC}") = "ActionFilters", "ActionFilters\ActionFilters.csproj", "{D7AA6F83-BB05-4E99-89AD-FE3930B938D7}"
EndProject
Global
	GlobalSection(SolutionConfigurationPlatforms) = preSolution
		Debug|Any CPU = Debug|Any CPU
		Release|Any CPU = Release|Any CPU
	EndGlobalSection
	GlobalSection(ProjectConfigurationPlatforms) = postSolution
		{D7AA6F83-BB05-4E99-89AD-FE3930B938D7}.Debug|Any CPU.ActiveCfg = Debug|Any CPU
		{D7AA6F83-BB05-4E99-89AD-FE3930B938D7}.Debug|Any CPU.Build.0 = Debug|Any CPU
		{D7AA6F83-BB05-4E99-89AD-FE3930B938D7}.Release|Any CPU.ActiveCfg = Release|Any CPU
		{D7AA6F83-BB05-4E99-89AD-FE3930B938D7}.Release|Any CPU.Build.0 = Release|Any CPU
	EndGlobalSection
	GlobalSection(SolutionProperties) = preSolution
		HideSolutionNode = FALSE
	EndGlobalSection
	GlobalSection(ExtensibilityGlobals) = postSolution
		SolutionGuid = {5B741FE9-641E-4FC2-806F-0BB4BCD88036}
	EndGlobalSection
EndGlobal
