
Microsoft Visual Studio Solution File, Format Version 12.00
# Visual Studio Version 16
VisualStudioVersion = 16.0.30907.101
MinimumVisualStudioVersion = 10.0.40219.1
Project("{FAE04EC0-301F-11D3-BF4B-00C04F79EFBC}") = "ConsoleApp1", "ConsoleApp1\ConsoleApp1.csproj", "{0636B56B-9B08-41F3-B677-77A52E5ACFED}"
EndProject
Global
	GlobalSection(SolutionConfigurationPlatforms) = preSolution
		Debug|Any CPU = Debug|Any CPU
		Release|Any CPU = Release|Any CPU
	EndGlobalSection
	GlobalSection(ProjectConfigurationPlatforms) = postSolution
		{0636B56B-9B08-41F3-B677-77A52E5ACFED}.Debug|Any CPU.ActiveCfg = Debug|Any CPU
		{0636B56B-9B08-41F3-B677-77A52E5ACFED}.Debug|Any CPU.Build.0 = Debug|Any CPU
		{0636B56B-9B08-41F3-B677-77A52E5ACFED}.Release|Any CPU.ActiveCfg = Release|Any CPU
		{0636B56B-9B08-41F3-B677-77A52E5ACFED}.Release|Any CPU.Build.0 = Release|Any CPU
	EndGlobalSection
	GlobalSection(SolutionProperties) = preSolution
		HideSolutionNode = FALSE
	EndGlobalSection
	GlobalSection(ExtensibilityGlobals) = postSolution
		SolutionGuid = {3C180877-ADF5-4EC2-93BF-346AC35C40F7}
	EndGlobalSection
EndGlobal
